hash: ed8cbe379dd83896d7636ffb7a9526206e5cd07649cbed1074ef966b73888dfa
updated: 2017-06-30T17:12:56.8735062+08:00
imports:
- name: github.com/jhoonb/archivex
  version: be4efa7ec0c38ab76d56037014c90d48d6b13037
- name: github.com/lxn/win
  version: cd28d435f783e79477f1ebbd983dd8dd72315064
- name: github.com/sciter-sdk/go-sciter
  version: 6f2b5cf1d1b9e8689818488c19ce0a3dbfefff88
  subpackages:
  - window
testImports: []
